
Microsoft Visual Studio Solution File, Format Version 12.00
# Visual Studio Version 17
VisualStudioVersion = 17.6.33815.320
MinimumVisualStudioVersion = 10.0.40219.1
Project("{FAE04EC0-301F-11D3-BF4B-00C04F79EFBC}") = "BlackjackExchangeWebApp", "BlackjackExchangeWebApp\BlackjackExchangeWebApp.csproj", "{8795B2E5-92DC-48A5-B498-416BA908F32C}"
EndProject
Global
	GlobalSection(SolutionConfigurationPlatforms) = preSolution
		Debug|Any CPU = Debug|Any CPU
		Release|Any CPU = Release|Any CPU
	EndGlobalSection
	GlobalSection(ProjectConfigurationPlatforms) = postSolution
		{8795B2E5-92DC-48A5-B498-416BA908F32C}.Debug|Any CPU.ActiveCfg = Debug|Any CPU
		{8795B2E5-92DC-48A5-B498-416BA908F32C}.Debug|Any CPU.Build.0 = Debug|Any CPU
		{8795B2E5-92DC-48A5-B498-416BA908F32C}.Release|Any CPU.ActiveCfg = Release|Any CPU
		{8795B2E5-92DC-48A5-B498-416BA908F32C}.Release|Any CPU.Build.0 = Release|Any CPU
	EndGlobalSection
	GlobalSection(SolutionProperties) = preSolution
		HideSolutionNode = FALSE
	EndGlobalSection
	GlobalSection(ExtensibilityGlobals) = postSolution
		SolutionGuid = {80F94E91-311D-40C9-8ACA-FF32BD173655}
	EndGlobalSection
EndGlobal
